
Microsoft Visual Studio Solution File, Format Version 12.00
# Visual Studio Version 17
VisualStudioVersion = 17.0.31903.59
MinimumVisualStudioVersion = 10.0.40219.1
Project("{FAE04EC0-301F-11D3-BF4B-00C04F79EFBC}") = "MoneyExtension", "MoneyExtension\MoneyExtension.csproj", "{410B828C-80D7-4354-8DA0-7120612B9E2C}"
EndProject
Project("{FAE04EC0-301F-11D3-BF4B-00C04F79EFBC}") = "MoneyExtesion.Tests", "MoneyExtesion.Tests\MoneyExtesion.Tests.csproj", "{62D59122-18F9-4E7B-8393-3C2C2D9E3772}"
EndProject
Global
	GlobalSection(SolutionConfigurationPlatforms) = preSolution
		Debug|Any CPU = Debug|Any CPU
		Release|Any CPU = Release|Any CPU
	EndGlobalSection
	GlobalSection(SolutionProperties) = preSolution
		HideSolutionNode = FALSE
	EndGlobalSection
	GlobalSection(ProjectConfigurationPlatforms) = postSolution
		{410B828C-80D7-4354-8DA0-7120612B9E2C}.Debug|Any CPU.ActiveCfg = Debug|Any CPU
		{410B828C-80D7-4354-8DA0-7120612B9E2C}.Debug|Any CPU.Build.0 = Debug|Any CPU
		{410B828C-80D7-4354-8DA0-7120612B9E2C}.Release|Any CPU.ActiveCfg = Release|Any CPU
		{410B828C-80D7-4354-8DA0-7120612B9E2C}.Release|Any CPU.Build.0 = Release|Any CPU
		{62D59122-18F9-4E7B-8393-3C2C2D9E3772}.Debug|Any CPU.ActiveCfg = Debug|Any CPU
		{62D59122-18F9-4E7B-8393-3C2C2D9E3772}.Debug|Any CPU.Build.0 = Debug|Any CPU
		{62D59122-18F9-4E7B-8393-3C2C2D9E3772}.Release|Any CPU.ActiveCfg = Release|Any CPU
		{62D59122-18F9-4E7B-8393-3C2C2D9E3772}.Release|Any CPU.Build.0 = Release|Any CPU
	EndGlobalSection
EndGlobal
